
Microsoft Visual Studio Solution File, Format Version 12.00
# Visual Studio 14
VisualStudioVersion = 14.0.25420.1
MinimumVisualStudioVersion = 10.0.40219.1
Project("{FAE04EC0-301F-11D3-BF4B-00C04F79EFBC}") = "escuela_MVC", "escuela_MVC\escuela_MVC.csproj", "{AB775B9C-FF25-4281-A701-35378B7C02F2}"
EndProject
Global
	GlobalSection(SolutionConfigurationPlatforms) = preSolution
		Debug|Any CPU = Debug|Any CPU
		Release|Any CPU = Release|Any CPU
	EndGlobalSection
	GlobalSection(ProjectConfigurationPlatforms) = postSolution
		{AB775B9C-FF25-4281-A701-35378B7C02F2}.Debug|Any CPU.ActiveCfg = Debug|Any CPU
		{AB775B9C-FF25-4281-A701-35378B7C02F2}.Debug|Any CPU.Build.0 = Debug|Any CPU
		{AB775B9C-FF25-4281-A701-35378B7C02F2}.Release|Any CPU.ActiveCfg = Release|Any CPU
		{AB775B9C-FF25-4281-A701-35378B7C02F2}.Release|Any CPU.Build.0 = Release|Any CPU
	EndGlobalSection
	GlobalSection(SolutionProperties) = preSolution
		HideSolutionNode = FALSE
	EndGlobalSection
EndGlobal
